// !$*UTF8*$!
{
	archiveVersion = 1;
	classes = {
	};
	objectVersion = 56;
	objects = {

/* Begin PBXBuildFile section */
		B215C57E29ED2DA600394E47 /* AppDelegate.swift in Sources */ = {isa = PBXBuildFile; fileRef = B215C57D29ED2DA600394E47 /* AppDelegate.swift */; };
		B215C58029ED2DA600394E47 /* SceneDelegate.swift in Sources */ = {isa = PBXBuildFile; fileRef = B215C57F29ED2DA600394E47 /* SceneDelegate.swift */; };
		B215C58229ED2DA600394E47 /* ViewController.swift in Sources */ = {isa = PBXBuildFile; fileRef = B215C58129ED2DA600394E47 /* ViewController.swift */; };
		B215C58729ED2DA800394E47 /* Assets.xcassets in Resources */ = {isa = PBXBuildFile; fileRef = B215C58629ED2DA800394E47 /* Assets.xcassets */; };
		B215C58A29ED2DA800394E47 /* LaunchScreen.storyboard in Resources */ = {isa = PBXBuildFile; fileRef = B215C58829ED2DA800394E47 /* LaunchScreen.storyboard */; };
		B215C5A029ED3A6E00394E47 /* LoginCoordinator.swift in Sources */ = {isa = PBXBuildFile; fileRef = B215C59F29ED3A6E00394E47 /* LoginCoordinator.swift */; };
		B215C5A229ED3BEB00394E47 /* AppCoordinator.swift in Sources */ = {isa = PBXBuildFile; fileRef = B215C5A129ED3BEB00394E47 /* AppCoordinator.swift */; };
		B215C5A529EE264D00394E47 /* BaseCoordinatorProtocol.swift in Sources */ = {isa = PBXBuildFile; fileRef = B215C5A429EE264D00394E47 /* BaseCoordinatorProtocol.swift */; };
		B215C5A729EE265600394E47 /* BaseCoordinator.swift in Sources */ = {isa = PBXBuildFile; fileRef = B215C5A629EE265600394E47 /* BaseCoordinator.swift */; };
		B215C5A929EE268A00394E47 /* BaseNavigationController.swift in Sources */ = {isa = PBXBuildFile; fileRef = B215C5A829EE268A00394E47 /* BaseNavigationController.swift */; };
		B215C5AB29EE26A800394E47 /* BaseViewController.swift in Sources */ = {isa = PBXBuildFile; fileRef = B215C5AA29EE26A800394E47 /* BaseViewController.swift */; };
		B215C5B429EE2DA300394E47 /* Splash.storyboard in Resources */ = {isa = PBXBuildFile; fileRef = B215C5B329EE2DA300394E47 /* Splash.storyboard */; };
		B215C5B629EE2DB100394E47 /* SplashViewController.swift in Sources */ = {isa = PBXBuildFile; fileRef = B215C5B529EE2DB100394E47 /* SplashViewController.swift */; };
		B215C5B829EE313F00394E47 /* Login.storyboard in Resources */ = {isa = PBXBuildFile; fileRef = B215C5B729EE313F00394E47 /* Login.storyboard */; };
		B215C5BA29EE314D00394E47 /* LoginViewController.swift in Sources */ = {isa = PBXBuildFile; fileRef = B215C5B929EE314C00394E47 /* LoginViewController.swift */; };
		B215C5BC29EE344100394E47 /* LoginViewModel.swift in Sources */ = {isa = PBXBuildFile; fileRef = B215C5BB29EE344100394E47 /* LoginViewModel.swift */; };
/* End PBXBuildFile section */

/* Begin PBXFileReference section */
		B215C57A29ED2DA600394E47 /* MVVM-C_With_Clean_Architecture.app */ = {isa = PBXFileReference; explicitFileType = wrapper.application; includeInIndex = 0; path = "MVVM-C_With_Clean_Architecture.app"; sourceTree = BUILT_PRODUCTS_DIR; };
		B215C57D29ED2DA600394E47 /* AppDelegate.swift */ = {isa = PBXFileReference; lastKnownFileType = sourcecode.swift; path = AppDelegate.swift; sourceTree = "<group>"; };
		B215C57F29ED2DA600394E47 /* SceneDelegate.swift */ = {isa = PBXFileReference; lastKnownFileType = sourcecode.swift; path = SceneDelegate.swift; sourceTree = "<group>"; };
		B215C58129ED2DA600394E47 /* ViewController.swift */ = {isa = PBXFileReference; lastKnownFileType = sourcecode.swift; path = ViewController.swift; sourceTree = "<group>"; };
		B215C58629ED2DA800394E47 /* Assets.xcassets */ = {isa = PBXFileReference; lastKnownFileType = folder.assetcatalog; path = Assets.xcassets; sourceTree = "<group>"; };
		B215C58929ED2DA800394E47 /* Base */ = {isa = PBXFileReference; lastKnownFileType = file.storyboard; name = Base; path = Base.lproj/LaunchScreen.storyboard; sourceTree = "<group>"; };
		B215C58B29ED2DA800394E47 /* Info.plist */ = {isa = PBXFileReference; lastKnownFileType = text.plist.xml; path = Info.plist; sourceTree = "<group>"; };
		B215C59F29ED3A6E00394E47 /* LoginCoordinator.swift */ = {isa = PBXFileReference; lastKnownFileType = sourcecode.swift; path = LoginCoordinator.swift; sourceTree = "<group>"; };
		B215C5A129ED3BEB00394E47 /* AppCoordinator.swift */ = {isa = PBXFileReference; lastKnownFileType = sourcecode.swift; path = AppCoordinator.swift; sourceTree = "<group>"; };
		B215C5A429EE264D00394E47 /* BaseCoordinatorProtocol.swift */ = {isa = PBXFileReference; lastKnownFileType = sourcecode.swift; path = BaseCoordinatorProtocol.swift; sourceTree = "<group>"; };
		B215C5A629EE265600394E47 /* BaseCoordinator.swift */ = {isa = PBXFileReference; lastKnownFileType = sourcecode.swift; path = BaseCoordinator.swift; sourceTree = "<group>"; };
		B215C5A829EE268A00394E47 /* BaseNavigationController.swift */ = {isa = PBXFileReference; lastKnownFileType = sourcecode.swift; path = BaseNavigationController.swift; sourceTree = "<group>"; };
		B215C5AA29EE26A800394E47 /* BaseViewController.swift */ = {isa = PBXFileReference; lastKnownFileType = sourcecode.swift; path = BaseViewController.swift; sourceTree = "<group>"; };
		B215C5B329EE2DA300394E47 /* Splash.storyboard */ = {isa = PBXFileReference; lastKnownFileType = file.storyboard; path = Splash.storyboard; sourceTree = "<group>"; };
		B215C5B529EE2DB100394E47 /* SplashViewController.swift */ = {isa = PBXFileReference; lastKnownFileType = sourcecode.swift; path = SplashViewController.swift; sourceTree = "<group>"; };
		B215C5B729EE313F00394E47 /* Login.storyboard */ = {isa = PBXFileReference; lastKnownFileType = file.storyboard; path = Login.storyboard; sourceTree = "<group>"; };
		B215C5B929EE314C00394E47 /* LoginViewController.swift */ = {isa = PBXFileReference; lastKnownFileType = sourcecode.swift; path = LoginViewController.swift; sourceTree = "<group>"; };
		B215C5BB29EE344100394E47 /* LoginViewModel.swift */ = {isa = PBXFileReference; lastKnownFileType = sourcecode.swift; path = LoginViewModel.swift; sourceTree = "<group>"; };
/* End PBXFileReference section */

/* Begin PBXFrameworksBuildPhase section */
		B215C57729ED2DA600394E47 /* Frameworks */ = {
			isa = PBXFrameworksBuildPhase;
			buildActionMask = 2147483647;
			files = (
			);
			runOnlyForDeploymentPostprocessing = 0;
		};
/* End PBXFrameworksBuildPhase section */

/* Begin PBXGroup section */
		B215C57129ED2DA600394E47 = {
			isa = PBXGroup;
			children = (
				B215C57C29ED2DA600394E47 /* MVVM-C_With_Clean_Architecture */,
				B215C57B29ED2DA600394E47 /* Products */,
			);
			sourceTree = "<group>";
		};
		B215C57B29ED2DA600394E47 /* Products */ = {
			isa = PBXGroup;
			children = (
				B215C57A29ED2DA600394E47 /* MVVM-C_With_Clean_Architecture.app */,
			);
			name = Products;
			sourceTree = "<group>";
		};
		B215C57C29ED2DA600394E47 /* MVVM-C_With_Clean_Architecture */ = {
			isa = PBXGroup;
			children = (
				B215C59229ED394E00394E47 /* Application */,
				B215C5A329EE21D100394E47 /* Base */,
				B215C59329ED397D00394E47 /* Domain Layer */,
				B215C59529ED399D00394E47 /* Data Layer */,
				B215C59429ED398D00394E47 /* Present Layer */,
				B215C59129ED2E1100394E47 /* Resources */,
				B215C58129ED2DA600394E47 /* ViewController.swift */,
			);
			path = "MVVM-C_With_Clean_Architecture";
			sourceTree = "<group>";
		};
		B215C59129ED2E1100394E47 /* Resources */ = {
			isa = PBXGroup;
			children = (
				B215C58629ED2DA800394E47 /* Assets.xcassets */,
				B215C58829ED2DA800394E47 /* LaunchScreen.storyboard */,
				B215C58B29ED2DA800394E47 /* Info.plist */,
			);
			path = Resources;
			sourceTree = "<group>";
		};
		B215C59229ED394E00394E47 /* Application */ = {
			isa = PBXGroup;
			children = (
				B215C57D29ED2DA600394E47 /* AppDelegate.swift */,
				B215C57F29ED2DA600394E47 /* SceneDelegate.swift */,
				B215C5A129ED3BEB00394E47 /* AppCoordinator.swift */,
			);
			path = Application;
			sourceTree = "<group>";
		};
		B215C59329ED397D00394E47 /* Domain Layer */ = {
			isa = PBXGroup;
			children = (
				B215C59A29ED3A1200394E47 /* Models */,
				B215C59929ED3A0500394E47 /* RepositoryInterfaces */,
				B215C59829ED39EB00394E47 /* UseCaseInterfaces */,
				B215C59729ED39E400394E47 /* UseCases */,
			);
			path = "Domain Layer";
			sourceTree = "<group>";
		};
		B215C59429ED398D00394E47 /* Present Layer */ = {
			isa = PBXGroup;
			children = (
				B215C5B229EE2D9100394E47 /* SplashScene */,
				B215C59629ED39D500394E47 /* LoginScenario  */,
			);
			path = "Present Layer";
			sourceTree = "<group>";
		};
		B215C59529ED399D00394E47 /* Data Layer */ = {
			isa = PBXGroup;
			children = (
				B215C59C29ED3A3300394E47 /* Repositories */,
				B215C59B29ED3A2D00394E47 /* NetworkServices */,
			);
			path = "Data Layer";
			sourceTree = "<group>";
		};
		B215C59629ED39D500394E47 /* LoginScenario  */ = {
			isa = PBXGroup;
			children = (
				B215C59E29ED3A5F00394E47 /* ViewModels */,
				B215C59D29ED3A5800394E47 /* Views */,
				B215C59F29ED3A6E00394E47 /* LoginCoordinator.swift */,
			);
			path = "LoginScenario ";
			sourceTree = "<group>";
		};
		B215C59729ED39E400394E47 /* UseCases */ = {
			isa = PBXGroup;
			children = (
			);
			path = UseCases;
			sourceTree = "<group>";
		};
		B215C59829ED39EB00394E47 /* UseCaseInterfaces */ = {
			isa = PBXGroup;
			children = (
			);
			path = UseCaseInterfaces;
			sourceTree = "<group>";
		};
		B215C59929ED3A0500394E47 /* RepositoryInterfaces */ = {
			isa = PBXGroup;
			children = (
			);
			path = RepositoryInterfaces;
			sourceTree = "<group>";
		};
		B215C59A29ED3A1200394E47 /* Models */ = {
			isa = PBXGroup;
			children = (
			);
			path = Models;
			sourceTree = "<group>";
		};
		B215C59B29ED3A2D00394E47 /* NetworkServices */ = {
			isa = PBXGroup;
			children = (
			);
			path = NetworkServices;
			sourceTree = "<group>";
		};
		B215C59C29ED3A3300394E47 /* Repositories */ = {
			isa = PBXGroup;
			children = (
			);
			path = Repositories;
			sourceTree = "<group>";
		};
		B215C59D29ED3A5800394E47 /* Views */ = {
			isa = PBXGroup;
			children = (
				B215C5B729EE313F00394E47 /* Login.storyboard */,
				B215C5B929EE314C00394E47 /* LoginViewController.swift */,
			);
			path = Views;
			sourceTree = "<group>";
		};
		B215C59E29ED3A5F00394E47 /* ViewModels */ = {
			isa = PBXGroup;
			children = (
				B215C5BB29EE344100394E47 /* LoginViewModel.swift */,
			);
			path = ViewModels;
			sourceTree = "<group>";
		};
		B215C5A329EE21D100394E47 /* Base */ = {
			isa = PBXGroup;
			children = (
				B215C5A429EE264D00394E47 /* BaseCoordinatorProtocol.swift */,
				B215C5A629EE265600394E47 /* BaseCoordinator.swift */,
				B215C5A829EE268A00394E47 /* BaseNavigationController.swift */,
				B215C5AA29EE26A800394E47 /* BaseViewController.swift */,
			);
			path = Base;
			sourceTree = "<group>";
		};
		B215C5B229EE2D9100394E47 /* SplashScene */ = {
			isa = PBXGroup;
			children = (
				B215C5B329EE2DA300394E47 /* Splash.storyboard */,
				B215C5B529EE2DB100394E47 /* SplashViewController.swift */,
			);
			path = SplashScene;
			sourceTree = "<group>";
		};
/* End PBXGroup section */

/* Begin PBXNativeTarget section */
		B215C57929ED2DA600394E47 /* MVVM-C_With_Clean_Architecture */ = {
			isa = PBXNativeTarget;
			buildConfigurationList = B215C58E29ED2DA800394E47 /* Build configuration list for PBXNativeTarget "MVVM-C_With_Clean_Architecture" */;
			buildPhases = (
				B215C57629ED2DA600394E47 /* Sources */,
				B215C57729ED2DA600394E47 /* Frameworks */,
				B215C57829ED2DA600394E47 /* Resources */,
			);
			buildRules = (
			);
			dependencies = (
			);
			name = "MVVM-C_With_Clean_Architecture";
			productName = "MVVM-C_With_Clean_Architecture";
			productReference = B215C57A29ED2DA600394E47 /* MVVM-C_With_Clean_Architecture.app */;
			productType = "com.apple.product-type.application";
		};
/* End PBXNativeTarget section */

/* Begin PBXProject section */
		B215C57229ED2DA600394E47 /* Project object */ = {
			isa = PBXProject;
			attributes = {
				BuildIndependentTargetsInParallel = 1;
				LastSwiftUpdateCheck = 1430;
				LastUpgradeCheck = 1430;
				TargetAttributes = {
					B215C57929ED2DA600394E47 = {
						CreatedOnToolsVersion = 14.3;
					};
				};
			};
			buildConfigurationList = B215C57529ED2DA600394E47 /* Build configuration list for PBXProject "MVVM-C_With_Clean_Architecture" */;
			compatibilityVersion = "Xcode 14.0";
			developmentRegion = en;
			hasScannedForEncodings = 0;
			knownRegions = (
				en,
				Base,
			);
			mainGroup = B215C57129ED2DA600394E47;
			productRefGroup = B215C57B29ED2DA600394E47 /* Products */;
			projectDirPath = "";
			projectRoot = "";
			targets = (
				B215C57929ED2DA600394E47 /* MVVM-C_With_Clean_Architecture */,
			);
		};
/* End PBXProject section */

/* Begin PBXResourcesBuildPhase section */
		B215C57829ED2DA600394E47 /* Resources */ = {
			isa = PBXResourcesBuildPhase;
			buildActionMask = 2147483647;
			files = (
				B215C5B829EE313F00394E47 /* Login.storyboard in Resources */,
				B215C58A29ED2DA800394E47 /* LaunchScreen.storyboard in Resources */,
				B215C58729ED2DA800394E47 /* Assets.xcassets in Resources */,
				B215C5B429EE2DA300394E47 /* Splash.storyboard in Resources */,
			);
			runOnlyForDeploymentPostprocessing = 0;
		};
/* End PBXResourcesBuildPhase section */

/* Begin PBXSourcesBuildPhase section */
		B215C57629ED2DA600394E47 /* Sources */ = {
			isa = PBXSourcesBuildPhase;
			buildActionMask = 2147483647;
			files = (
				B215C5A929EE268A00394E47 /* BaseNavigationController.swift in Sources */,
				B215C58229ED2DA600394E47 /* ViewController.swift in Sources */,
				B215C57E29ED2DA600394E47 /* AppDelegate.swift in Sources */,
				B215C5A229ED3BEB00394E47 /* AppCoordinator.swift in Sources */,
				B215C5A029ED3A6E00394E47 /* LoginCoordinator.swift in Sources */,
				B215C5AB29EE26A800394E47 /* BaseViewController.swift in Sources */,
				B215C5A729EE265600394E47 /* BaseCoordinator.swift in Sources */,
				B215C58029ED2DA600394E47 /* SceneDelegate.swift in Sources */,
				B215C5BC29EE344100394E47 /* LoginViewModel.swift in Sources */,
				B215C5A529EE264D00394E47 /* BaseCoordinatorProtocol.swift in Sources */,
				B215C5B629EE2DB100394E47 /* SplashViewController.swift in Sources */,
				B215C5BA29EE314D00394E47 /* LoginViewController.swift in Sources */,
			);
			runOnlyForDeploymentPostprocessing = 0;
		};
/* End PBXSourcesBuildPhase section */

/* Begin PBXVariantGroup section */
		B215C58829ED2DA800394E47 /* LaunchScreen.storyboard */ = {
			isa = PBXVariantGroup;
			children = (
				B215C58929ED2DA800394E47 /* Base */,
			);
			name = LaunchScreen.storyboard;
			sourceTree = "<group>";
		};
/* End PBXVariantGroup section */

/* Begin XCBuildConfiguration section */
		B215C58C29ED2DA800394E47 /* Debug */ = {
			isa = XCBuildConfiguration;
			buildSettings = {
				ALWAYS_SEARCH_USER_PATHS = NO;
				CLANG_ANALYZER_NONNULL = YES;
				CLANG_ANALYZER_NUMBER_OBJECT_CONVERSION = YES_AGGRESSIVE;
				CLANG_CXX_LANGUAGE_STANDARD = "gnu++20";
				CLANG_ENABLE_MODULES = YES;
				CLANG_ENABLE_OBJC_ARC = YES;
				CLANG_ENABLE_OBJC_WEAK = YES;
				CLANG_WARN_BLOCK_CAPTURE_AUTORELEASING = YES;
				CLANG_WARN_BOOL_CONVERSION = YES;
				CLANG_WARN_COMMA = YES;
				CLANG_WARN_CONSTANT_CONVERSION = YES;
				CLANG_WARN_DEPRECATED_OBJC_IMPLEMENTATIONS = YES;
				CLANG_WARN_DIRECT_OBJC_ISA_USAGE = YES_ERROR;
				CLANG_WARN_DOCUMENTATION_COMMENTS = YES;
				CLANG_WARN_EMPTY_BODY = YES;
				CLANG_WARN_ENUM_CONVERSION = YES;
				CLANG_WARN_INFINITE_RECURSION = YES;
				CLANG_WARN_INT_CONVERSION = YES;
				CLANG_WARN_NON_LITERAL_NULL_CONVERSION = YES;
				CLANG_WARN_OBJC_IMPLICIT_RETAIN_SELF = YES;
				CLANG_WARN_OBJC_LITERAL_CONVERSION = YES;
				CLANG_WARN_OBJC_ROOT_CLASS = YES_ERROR;
				CLANG_WARN_QUOTED_INCLUDE_IN_FRAMEWORK_HEADER = YES;
				CLANG_WARN_RANGE_LOOP_ANALYSIS = YES;
				CLANG_WARN_STRICT_PROTOTYPES = YES;
				CLANG_WARN_SUSPICIOUS_MOVE = YES;
				CLANG_WARN_UNGUARDED_AVAILABILITY = YES_AGGRESSIVE;
				CLANG_WARN_UNREACHABLE_CODE = YES;
				CLANG_WARN__DUPLICATE_METHOD_MATCH = YES;
				COPY_PHASE_STRIP = NO;
				DEBUG_INFORMATION_FORMAT = dwarf;
				ENABLE_STRICT_OBJC_MSGSEND = YES;
				ENABLE_TESTABILITY = YES;
				GCC_C_LANGUAGE_STANDARD = gnu11;
				GCC_DYNAMIC_NO_PIC = NO;
				GCC_NO_COMMON_BLOCKS = YES;
				GCC_OPTIMIZATION_LEVEL = 0;
				GCC_PREPROCESSOR_DEFINITIONS = (
					"DEBUG=1",
					"$(inherited)",
				);
				GCC_WARN_64_TO_32_BIT_CONVERSION = YES;
				GCC_WARN_ABOUT_RETURN_TYPE = YES_ERROR;
				GCC_WARN_UNDECLARED_SELECTOR = YES;
				GCC_WARN_UNINITIALIZED_AUTOS = YES_AGGRESSIVE;
				GCC_WARN_UNUSED_FUNCTION = YES;
				GCC_WARN_UNUSED_VARIABLE = YES;
				IPHONEOS_DEPLOYMENT_TARGET = 16.4;
				MTL_ENABLE_DEBUG_INFO = INCLUDE_SOURCE;
				MTL_FAST_MATH = YES;
				ONLY_ACTIVE_ARCH = YES;
				SDKROOT = iphoneos;
				SWIFT_ACTIVE_COMPILATION_CONDITIONS = DEBUG;
				SWIFT_OPTIMIZATION_LEVEL = "-Onone";
			};
			name = Debug;
		};
		B215C58D29ED2DA800394E47 /* Release */ = {
			isa = XCBuildConfiguration;
			buildSettings = {
				ALWAYS_SEARCH_USER_PATHS = NO;
				CLANG_ANALYZER_NONNULL = YES;
				CLANG_ANALYZER_NUMBER_OBJECT_CONVERSION = YES_AGGRESSIVE;
				CLANG_CXX_LANGUAGE_STANDARD = "gnu++20";
				CLANG_ENABLE_MODULES = YES;
				CLANG_ENABLE_OBJC_ARC = YES;
				CLANG_ENABLE_OBJC_WEAK = YES;
				CLANG_WARN_BLOCK_CAPTURE_AUTORELEASING = YES;
				CLANG_WARN_BOOL_CONVERSION = YES;
				CLANG_WARN_COMMA = YES;
				CLANG_WARN_CONSTANT_CONVERSION = YES;
				CLANG_WARN_DEPRECATED_OBJC_IMPLEMENTATIONS = YES;
				CLANG_WARN_DIRECT_OBJC_ISA_USAGE = YES_ERROR;
				CLANG_WARN_DOCUMENTATION_COMMENTS = YES;
				CLANG_WARN_EMPTY_BODY = YES;
				CLANG_WARN_ENUM_CONVERSION = YES;
				CLANG_WARN_INFINITE_RECURSION = YES;
				CLANG_WARN_INT_CONVERSION = YES;
				CLANG_WARN_NON_LITERAL_NULL_CONVERSION = YES;
				CLANG_WARN_OBJC_IMPLICIT_RETAIN_SELF = YES;
				CLANG_WARN_OBJC_LITERAL_CONVERSION = YES;
				CLANG_WARN_OBJC_ROOT_CLASS = YES_ERROR;
				CLANG_WARN_QUOTED_INCLUDE_IN_FRAMEWORK_HEADER = YES;
				CLANG_WARN_RANGE_LOOP_ANALYSIS = YES;
				CLANG_WARN_STRICT_PROTOTYPES = YES;
				CLANG_WARN_SUSPICIOUS_MOVE = YES;
				CLANG_WARN_UNGUARDED_AVAILABILITY = YES_AGGRESSIVE;
				CLANG_WARN_UNREACHABLE_CODE = YES;
				CLANG_WARN__DUPLICATE_METHOD_MATCH = YES;
				COPY_PHASE_STRIP = NO;
				DEBUG_INFORMATION_FORMAT = "dwarf-with-dsym";
				ENABLE_NS_ASSERTIONS = NO;
				ENABLE_STRICT_OBJC_MSGSEND = YES;
				GCC_C_LANGUAGE_STANDARD = gnu11;
				GCC_NO_COMMON_BLOCKS = YES;
				GCC_WARN_64_TO_32_BIT_CONVERSION = YES;
				GCC_WARN_ABOUT_RETURN_TYPE = YES_ERROR;
				GCC_WARN_UNDECLARED_SELECTOR = YES;
				GCC_WARN_UNINITIALIZED_AUTOS = YES_AGGRESSIVE;
				GCC_WARN_UNUSED_FUNCTION = YES;
				GCC_WARN_UNUSED_VARIABLE = YES;
				IPHONEOS_DEPLOYMENT_TARGET = 16.4;
				MTL_ENABLE_DEBUG_INFO = NO;
				MTL_FAST_MATH = YES;
				SDKROOT = iphoneos;
				SWIFT_COMPILATION_MODE = wholemodule;
				SWIFT_OPTIMIZATION_LEVEL = "-O";
				VALIDATE_PRODUCT = YES;
			};
			name = Release;
		};
		B215C58F29ED2DA800394E47 /* Debug */ = {
			isa = XCBuildConfiguration;
			buildSettings = {
				ASSETCATALOG_COMPILER_APPICON_NAME = AppIcon;
				ASSETCATALOG_COMPILER_GLOBAL_ACCENT_COLOR_NAME = AccentColor;
				CODE_SIGN_STYLE = Automatic;
				CURRENT_PROJECT_VERSION = 1;
				DEVELOPMENT_TEAM = QWPA4SWLKB;
				GENERATE_INFOPLIST_FILE = YES;
				INFOPLIST_FILE = "MVVM-C_With_Clean_Architecture/Resources/Info.plist";
				INFOPLIST_KEY_UIApplicationSupportsIndirectInputEvents = YES;
				INFOPLIST_KEY_UILaunchStoryboardName = LaunchScreen;
				INFOPLIST_KEY_UIMainStoryboardFile = Splash;
				INFOPLIST_KEY_UISupportedInterfaceOrientations_iPad = "UIInterfaceOrientationPortrait UIInterfaceOrientationPortraitUpsideDown UIInterfaceOrientationLandscapeLeft UIInterfaceOrientationLandscapeRight";
				INFOPLIST_KEY_UISupportedInterfaceOrientations_iPhone = "UIInterfaceOrientationPortrait UIInterfaceOrientationLandscapeLeft UIInterfaceOrientationLandscapeRight";
				LD_RUNPATH_SEARCH_PATHS = (
					"$(inherited)",
					"@executable_path/Frameworks",
				);
				MARKETING_VERSION = 1.0;
				PRODUCT_BUNDLE_IDENTIFIER = "brbr.world.MVVM-C-With-Clean-Architecture";
				PRODUCT_NAME = "$(TARGET_NAME)";
				SWIFT_EMIT_LOC_STRINGS = YES;
				SWIFT_VERSION = 5.0;
				TARGETED_DEVICE_FAMILY = "1,2";
			};
			name = Debug;
		};
		B215C59029ED2DA800394E47 /* Release */ = {
			isa = XCBuildConfiguration;
			buildSettings = {
				ASSETCATALOG_COMPILER_APPICON_NAME = AppIcon;
				ASSETCATALOG_COMPILER_GLOBAL_ACCENT_COLOR_NAME = AccentColor;
				CODE_SIGN_STYLE = Automatic;
				CURRENT_PROJECT_VERSION = 1;
				DEVELOPMENT_TEAM = QWPA4SWLKB;
				GENERATE_INFOPLIST_FILE = YES;
				INFOPLIST_FILE = "MVVM-C_With_Clean_Architecture/Resources/Info.plist";
				INFOPLIST_KEY_UIApplicationSupportsIndirectInputEvents = YES;
				INFOPLIST_KEY_UILaunchStoryboardName = LaunchScreen;
				INFOPLIST_KEY_UIMainStoryboardFile = Splash;
				INFOPLIST_KEY_UISupportedInterfaceOrientations_iPad = "UIInterfaceOrientationPortrait UIInterfaceOrientationPortraitUpsideDown UIInterfaceOrientationLandscapeLeft UIInterfaceOrientationLandscapeRight";
				INFOPLIST_KEY_UISupportedInterfaceOrientations_iPhone = "UIInterfaceOrientationPortrait UIInterfaceOrientationLandscapeLeft UIInterfaceOrientationLandscapeRight";
				LD_RUNPATH_SEARCH_PATHS = (
					"$(inherited)",
					"@executable_path/Frameworks",
				);
				MARKETING_VERSION = 1.0;
				PRODUCT_BUNDLE_IDENTIFIER = "brbr.world.MVVM-C-With-Clean-Architecture";
				PRODUCT_NAME = "$(TARGET_NAME)";
				SWIFT_EMIT_LOC_STRINGS = YES;
				SWIFT_VERSION = 5.0;
				TARGETED_DEVICE_FAMILY = "1,2";
			};
			name = Release;
		};
/* End XCBuildConfiguration section */

/* Begin XCConfigurationList section */
		B215C57529ED2DA600394E47 /* Build configuration list for PBXProject "MVVM-C_With_Clean_Architecture" */ = {
			isa = XCConfigurationList;
			buildConfigurations = (
				B215C58C29ED2DA800394E47 /* Debug */,
				B215C58D29ED2DA800394E47 /* Release */,
			);
			defaultConfigurationIsVisible = 0;
			defaultConfigurationName = Release;
		};
		B215C58E29ED2DA800394E47 /* Build configuration list for PBXNativeTarget "MVVM-C_With_Clean_Architecture" */ = {
			isa = XCConfigurationList;
			buildConfigurations = (
				B215C58F29ED2DA800394E47 /* Debug */,
				B215C59029ED2DA800394E47 /* Release */,
			);
			defaultConfigurationIsVisible = 0;
			defaultConfigurationName = Release;
		};
/* End XCConfigurationList section */
	};
	rootObject = B215C57229ED2DA600394E47 /* Project object */;
}
